
Microsoft Visual Studio Solution File, Format Version 12.00
# Visual Studio Version 17
VisualStudioVersion = 17.9.34714.143
MinimumVisualStudioVersion = 10.0.40219.1
Project("{FAE04EC0-301F-11D3-BF4B-00C04F79EFBC}") = "CommerceWebAPI", "CommerceWebAPI\CommerceWebAPI.csproj", "{12BB5E97-12F1-442B-931B-5F1831CF2ACF}"
EndProject
Global
	GlobalSection(SolutionConfigurationPlatforms) = preSolution
		Debug|Any CPU = Debug|Any CPU
		Release|Any CPU = Release|Any CPU
	EndGlobalSection
	GlobalSection(ProjectConfigurationPlatforms) = postSolution
		{12BB5E97-12F1-442B-931B-5F1831CF2ACF}.Debug|Any CPU.ActiveCfg = Debug|Any CPU
		{12BB5E97-12F1-442B-931B-5F1831CF2ACF}.Debug|Any CPU.Build.0 = Debug|Any CPU
		{12BB5E97-12F1-442B-931B-5F1831CF2ACF}.Release|Any CPU.ActiveCfg = Release|Any CPU
		{12BB5E97-12F1-442B-931B-5F1831CF2ACF}.Release|Any CPU.Build.0 = Release|Any CPU
	EndGlobalSection
	GlobalSection(SolutionProperties) = preSolution
		HideSolutionNode = FALSE
	EndGlobalSection
	GlobalSection(ExtensibilityGlobals) = postSolution
		SolutionGuid = {9FE6ED92-7059-4F61-AA28-A12063E7226D}
	EndGlobalSection
EndGlobal
